// !$*UTF8*$!
{
	archiveVersion = 1;
	classes = {
	};
	objectVersion = 46;
	objects = {

/* Begin PBXBuildFile section */
		507508F088B2186FE90DECB1 /* libPods-第九组.a in Frameworks */ = {isa = PBXBuildFile; fileRef = CDBEF36309FF94A8DFB5EA74 /* libPods-第九组.a */; };
		AEE1087D1DF0072100DBF138 /* main.m in Sources */ = {isa = PBXBuildFile; fileRef = AEE1087C1DF0072100DBF138 /* main.m */; };
		AEE108801DF0072100DBF138 /* AppDelegate.m in Sources */ = {isa = PBXBuildFile; fileRef = AEE1087F1DF0072100DBF138 /* AppDelegate.m */; };
		AEE108831DF0072100DBF138 /* ViewController.m in Sources */ = {isa = PBXBuildFile; fileRef = AEE108821DF0072100DBF138 /* ViewController.m */; };
		AEE108861DF0072100DBF138 /* Main.storyboard in Resources */ = {isa = PBXBuildFile; fileRef = AEE108841DF0072100DBF138 /* Main.storyboard */; };
		AEE108881DF0072100DBF138 /* Assets.xcassets in Resources */ = {isa = PBXBuildFile; fileRef = AEE108871DF0072100DBF138 /* Assets.xcassets */; };
		AEE1088B1DF0072100DBF138 /* LaunchScreen.storyboard in Resources */ = {isa = PBXBuildFile; fileRef = AEE108891DF0072100DBF138 /* LaunchScreen.storyboard */; };
		AEE108961DF0072100DBF138 /* ___Tests.m in Sources */ = {isa = PBXBuildFile; fileRef = AEE108951DF0072100DBF138 /* ___Tests.m */; };
		AEE108A11DF0072100DBF138 /* ___UITests.m in Sources */ = {isa = PBXBuildFile; fileRef = AEE108A01DF0072100DBF138 /* ___UITests.m */; };
		AEE108C41DF00FEF00DBF138 /* tabBarViewController.m in Sources */ = {isa = PBXBuildFile; fileRef = AEE108C11DF00FEF00DBF138 /* tabBarViewController.m */; };
		AEE108C51DF00FEF00DBF138 /* NavViewController.m in Sources */ = {isa = PBXBuildFile; fileRef = AEE108C31DF00FEF00DBF138 /* NavViewController.m */; };
		AEE108C81DF00FFE00DBF138 /* shouYeViewController.m in Sources */ = {isa = PBXBuildFile; fileRef = AEE108C71DF00FFE00DBF138 /* shouYeViewController.m */; };
		AEE108CB1DF0101100DBF138 /* MyViewController.m in Sources */ = {isa = PBXBuildFile; fileRef = AEE108CA1DF0101100DBF138 /* MyViewController.m */; };
		AEE108CE1DF0101900DBF138 /* MDDViewController.m in Sources */ = {isa = PBXBuildFile; fileRef = AEE108CD1DF0101900DBF138 /* MDDViewController.m */; };
		AEE108D51DF0109600DBF138 /* 定位 (1).png in Resources */ = {isa = PBXBuildFile; fileRef = AEE108CF1DF0109600DBF138 /* 定位 (1).png */; };
		AEE108D61DF0109600DBF138 /* 定位.png in Resources */ = {isa = PBXBuildFile; fileRef = AEE108D01DF0109600DBF138 /* 定位.png */; };
		AEE108D71DF0109600DBF138 /* 我的 (1).png in Resources */ = {isa = PBXBuildFile; fileRef = AEE108D11DF0109600DBF138 /* 我的 (1).png */; };
		AEE108D81DF0109600DBF138 /* 我的.png in Resources */ = {isa = PBXBuildFile; fileRef = AEE108D21DF0109600DBF138 /* 我的.png */; };
		AEE108D91DF0109600DBF138 /* 首页 (1).png in Resources */ = {isa = PBXBuildFile; fileRef = AEE108D31DF0109600DBF138 /* 首页 (1).png */; };
		AEE108DA1DF0109600DBF138 /* 首页.png in Resources */ = {isa = PBXBuildFile; fileRef = AEE108D41DF0109600DBF138 /* 首页.png */; };
		AEE109021DF0184E00DBF138 /* SVProgressHUD.bundle in Resources */ = {isa = PBXBuildFile; fileRef = AEE108DD1DF0184E00DBF138 /* SVProgressHUD.bundle */; };
		AEE109031DF0184E00DBF138 /* SVProgressHUD.m in Sources */ = {isa = PBXBuildFile; fileRef = AEE108DF1DF0184E00DBF138 /* SVProgressHUD.m */; };
		AEE109041DF0184E00DBF138 /* MKAnnotationView+WebCache.m in Sources */ = {isa = PBXBuildFile; fileRef = AEE108E21DF0184E00DBF138 /* MKAnnotationView+WebCache.m */; };
		AEE109051DF0184E00DBF138 /* NSData+ImageContentType.m in Sources */ = {isa = PBXBuildFile; fileRef = AEE108E41DF0184E00DBF138 /* NSData+ImageContentType.m */; };
		AEE109061DF0184E00DBF138 /* SDImageCache.m in Sources */ = {isa = PBXBuildFile; fileRef = AEE108E61DF0184E00DBF138 /* SDImageCache.m */; };
		AEE109071DF0184E00DBF138 /* SDWebImageCompat.m in Sources */ = {isa = PBXBuildFile; fileRef = AEE108E81DF0184E00DBF138 /* SDWebImageCompat.m */; };
		AEE109081DF0184E00DBF138 /* SDWebImageDecoder.m in Sources */ = {isa = PBXBuildFile; fileRef = AEE108EA1DF0184E00DBF138 /* SDWebImageDecoder.m */; };
		AEE109091DF0184E00DBF138 /* SDWebImageDownloader.m in Sources */ = {isa = PBXBuildFile; fileRef = AEE108EC1DF0184E00DBF138 /* SDWebImageDownloader.m */; };
		AEE1090A1DF0184E00DBF138 /* SDWebImageDownloaderOperation.m in Sources */ = {isa = PBXBuildFile; fileRef = AEE108EE1DF0184E00DBF138 /* SDWebImageDownloaderOperation.m */; };
		AEE1090B1DF0184E00DBF138 /* SDWebImageManager.m in Sources */ = {isa = PBXBuildFile; fileRef = AEE108F01DF0184E00DBF138 /* SDWebImageManager.m */; };
		AEE1090C1DF0184E00DBF138 /* SDWebImagePrefetcher.m in Sources */ = {isa = PBXBuildFile; fileRef = AEE108F31DF0184E00DBF138 /* SDWebImagePrefetcher.m */; };
		AEE1090D1DF0184E00DBF138 /* UIButton+WebCache.m in Sources */ = {isa = PBXBuildFile; fileRef = AEE108F51DF0184E00DBF138 /* UIButton+WebCache.m */; };
		AEE1090E1DF0184E00DBF138 /* UIImage+GIF.m in Sources */ = {isa = PBXBuildFile; fileRef = AEE108F71DF0184E00DBF138 /* UIImage+GIF.m */; };
		AEE1090F1DF0184E00DBF138 /* UIImage+MultiFormat.m in Sources */ = {isa = PBXBuildFile; fileRef = AEE108F91DF0184E00DBF138 /* UIImage+MultiFormat.m */; };
		AEE109101DF0184E00DBF138 /* UIImage+WebP.m in Sources */ = {isa = PBXBuildFile; fileRef = AEE108FB1DF0184E00DBF138 /* UIImage+WebP.m */; };
		AEE109111DF0184E00DBF138 /* UIImageView+HighlightedWebCache.m in Sources */ = {isa = PBXBuildFile; fileRef = AEE108FD1DF0184E00DBF138 /* UIImageView+HighlightedWebCache.m */; };
		AEE109121DF0184E00DBF138 /* UIImageView+WebCache.m in Sources */ = {isa = PBXBuildFile; fileRef = AEE108FF1DF0184E00DBF138 /* UIImageView+WebCache.m */; };
		AEE109131DF0184E00DBF138 /* UIView+WebCacheOperation.m in Sources */ = {isa = PBXBuildFile; fileRef = AEE109011DF0184E00DBF138 /* UIView+WebCacheOperation.m */; };
/* End PBXBuildFile section */

/* Begin PBXContainerItemProxy section */
		AEE108921DF0072100DBF138 /* PBXContainerItemProxy */ = {
			isa = PBXContainerItemProxy;
			containerPortal = AEE108701DF0072000DBF138 /* Project object */;
			proxyType = 1;
			remoteGlobalIDString = AEE108771DF0072100DBF138;
			remoteInfo = "第九组";
		};
		AEE1089D1DF0072100DBF138 /* PBXContainerItemProxy */ = {
			isa = PBXContainerItemProxy;
			containerPortal = AEE108701DF0072000DBF138 /* Project object */;
			proxyType = 1;
			remoteGlobalIDString = AEE108771DF0072100DBF138;
			remoteInfo = "第九组";
		};
/* End PBXContainerItemProxy section */

/* Begin PBXFileReference section */
		AEE108781DF0072100DBF138 /* 第九组.app */ = {isa = PBXFileReference; explicitFileType = wrapper.application; includeInIndex = 0; path = "第九组.app"; sourceTree = BUILT_PRODUCTS_DIR; };
		AEE1087C1DF0072100DBF138 /* main.m */ = {isa = PBXFileReference; lastKnownFileType = sourcecode.c.objc; path = main.m; sourceTree = "<group>"; };
		AEE1087E1DF0072100DBF138 /* AppDelegate.h */ = {isa = PBXFileReference; lastKnownFileType = sourcecode.c.h; path = AppDelegate.h; sourceTree = "<group>"; };
		AEE1087F1DF0072100DBF138 /* AppDelegate.m */ = {isa = PBXFileReference; lastKnownFileType = sourcecode.c.objc; path = AppDelegate.m; sourceTree = "<group>"; };
		AEE108811DF0072100DBF138 /* ViewController.h */ = {isa = PBXFileReference; lastKnownFileType = sourcecode.c.h; path = ViewController.h; sourceTree = "<group>"; };
		AEE108821DF0072100DBF138 /* ViewController.m */ = {isa = PBXFileReference; lastKnownFileType = sourcecode.c.objc; path = ViewController.m; sourceTree = "<group>"; };
		AEE108851DF0072100DBF138 /* Base */ = {isa = PBXFileReference; lastKnownFileType = file.storyboard; name = Base; path = Base.lproj/Main.storyboard; sourceTree = "<group>"; };
		AEE108871DF0072100DBF138 /* Assets.xcassets */ = {isa = PBXFileReference; lastKnownFileType = folder.assetcatalog; path = Assets.xcassets; sourceTree = "<group>"; };
		AEE1088A1DF0072100DBF138 /* Base */ = {isa = PBXFileReference; lastKnownFileType = file.storyboard; name = Base; path = Base.lproj/LaunchScreen.storyboard; sourceTree = "<group>"; };
		AEE1088C1DF0072100DBF138 /* Info.plist */ = {isa = PBXFileReference; lastKnownFileType = text.plist.xml; path = Info.plist; sourceTree = "<group>"; };
		AEE108911DF0072100DBF138 /* 第九组Tests.xctest */ = {isa = PBXFileReference; explicitFileType = wrapper.cfbundle; includeInIndex = 0; path = "第九组Tests.xctest"; sourceTree = BUILT_PRODUCTS_DIR; };
		AEE108951DF0072100DBF138 /* ___Tests.m */ = {isa = PBXFileReference; lastKnownFileType = sourcecode.c.objc; path = "___Tests.m"; sourceTree = "<group>"; };
		AEE108971DF0072100DBF138 /* Info.plist */ = {isa = PBXFileReference; lastKnownFileType = text.plist.xml; path = Info.plist; sourceTree = "<group>"; };
		AEE1089C1DF0072100DBF138 /* 第九组UITests.xctest */ = {isa = PBXFileReference; explicitFileType = wrapper.cfbundle; includeInIndex = 0; path = "第九组UITests.xctest"; sourceTree = BUILT_PRODUCTS_DIR; };
		AEE108A01DF0072100DBF138 /* ___UITests.m */ = {isa = PBXFileReference; lastKnownFileType = sourcecode.c.objc; path = "___UITests.m"; sourceTree = "<group>"; };
		AEE108A21DF0072100DBF138 /* Info.plist */ = {isa = PBXFileReference; lastKnownFileType = text.plist.xml; path = Info.plist; sourceTree = "<group>"; };
		AEE108C01DF00FEE00DBF138 /* tabBarViewController.h */ = {isa = PBXFileReference; fileEncoding = 4; lastKnownFileType = sourcecode.c.h; path = tabBarViewController.h; sourceTree = "<group>"; };
		AEE108C11DF00FEF00DBF138 /* tabBarViewController.m */ = {isa = PBXFileReference; fileEncoding = 4; lastKnownFileType = sourcecode.c.objc; path = tabBarViewController.m; sourceTree = "<group>"; };
		AEE108C21DF00FEF00DBF138 /* NavViewController.h */ = {isa = PBXFileReference; fileEncoding = 4; lastKnownFileType = sourcecode.c.h; path = NavViewController.h; sourceTree = "<group>"; };
		AEE108C31DF00FEF00DBF138 /* NavViewController.m */ = {isa = PBXFileReference; fileEncoding = 4; lastKnownFileType = sourcecode.c.objc; path = NavViewController.m; sourceTree = "<group>"; };
		AEE108C61DF00FFE00DBF138 /* shouYeViewController.h */ = {isa = PBXFileReference; fileEncoding = 4; lastKnownFileType = sourcecode.c.h; path = shouYeViewController.h; sourceTree = "<group>"; };
		AEE108C71DF00FFE00DBF138 /* shouYeViewController.m */ = {isa = PBXFileReference; fileEncoding = 4; lastKnownFileType = sourcecode.c.objc; path = shouYeViewController.m; sourceTree = "<group>"; };
		AEE108C91DF0101100DBF138 /* MyViewController.h */ = {isa = PBXFileReference; fileEncoding = 4; lastKnownFileType = sourcecode.c.h; path = MyViewController.h; sourceTree = "<group>"; };
		AEE108CA1DF0101100DBF138 /* MyViewController.m */ = {isa = PBXFileReference; fileEncoding = 4; lastKnownFileType = sourcecode.c.objc; path = MyViewController.m; sourceTree = "<group>"; };
		AEE108CC1DF0101900DBF138 /* MDDViewController.h */ = {isa = PBXFileReference; fileEncoding = 4; lastKnownFileType = sourcecode.c.h; path = MDDViewController.h; sourceTree = "<group>"; };
		AEE108CD1DF0101900DBF138 /* MDDViewController.m */ = {isa = PBXFileReference; fileEncoding = 4; lastKnownFileType = sourcecode.c.objc; path = MDDViewController.m; sourceTree = "<group>"; };
		AEE108CF1DF0109600DBF138 /* 定位 (1).png */ = {isa = PBXFileReference; lastKnownFileType = image.png; path = "定位 (1).png"; sourceTree = "<group>"; };
		AEE108D01DF0109600DBF138 /* 定位.png */ = {isa = PBXFileReference; lastKnownFileType = image.png; path = "定位.png"; sourceTree = "<group>"; };
		AEE108D11DF0109600DBF138 /* 我的 (1).png */ = {isa = PBXFileReference; lastKnownFileType = image.png; path = "我的 (1).png"; sourceTree = "<group>"; };
		AEE108D21DF0109600DBF138 /* 我的.png */ = {isa = PBXFileReference; lastKnownFileType = image.png; path = "我的.png"; sourceTree = "<group>"; };
		AEE108D31DF0109600DBF138 /* 首页 (1).png */ = {isa = PBXFileReference; lastKnownFileType = image.png; path = "首页 (1).png"; sourceTree = "<group>"; };
		AEE108D41DF0109600DBF138 /* 首页.png */ = {isa = PBXFileReference; lastKnownFileType = image.png; path = "首页.png"; sourceTree = "<group>"; };
		AEE108DC1DF0184E00DBF138 /* SVProgressHUD-Prefix.pch */ = {isa = PBXFileReference; fileEncoding = 4; lastKnownFileType = sourcecode.c.h; path = "SVProgressHUD-Prefix.pch"; sourceTree = "<group>"; };
		AEE108DD1DF0184E00DBF138 /* SVProgressHUD.bundle */ = {isa = PBXFileReference; lastKnownFileType = "wrapper.plug-in"; path = SVProgressHUD.bundle; sourceTree = "<group>"; };
		AEE108DE1DF0184E00DBF138 /* SVProgressHUD.h */ = {isa = PBXFileReference; fileEncoding = 4; lastKnownFileType = sourcecode.c.h; path = SVProgressHUD.h; sourceTree = "<group>"; };
		AEE108DF1DF0184E00DBF138 /* SVProgressHUD.m */ = {isa = PBXFileReference; fileEncoding = 4; lastKnownFileType = sourcecode.c.objc; path = SVProgressHUD.m; sourceTree = "<group>"; };
		AEE108E11DF0184E00DBF138 /* MKAnnotationView+WebCache.h */ = {isa = PBXFileReference; fileEncoding = 4; lastKnownFileType = sourcecode.c.h; path = "MKAnnotationView+WebCache.h"; sourceTree = "<group>"; };
		AEE108E21DF0184E00DBF138 /* MKAnnotationView+WebCache.m */ = {isa = PBXFileReference; fileEncoding = 4; lastKnownFileType = sourcecode.c.objc; path = "MKAnnotationView+WebCache.m"; sourceTree = "<group>"; };
		AEE108E31DF0184E00DBF138 /* NSData+ImageContentType.h */ = {isa = PBXFileReference; fileEncoding = 4; lastKnownFileType = sourcecode.c.h; path = "NSData+ImageContentType.h"; sourceTree = "<group>"; };
		AEE108E41DF0184E00DBF138 /* NSData+ImageContentType.m */ = {isa = PBXFileReference; fileEncoding = 4; lastKnownFileType = sourcecode.c.objc; path = "NSData+ImageContentType.m"; sourceTree = "<group>"; };
		AEE108E51DF0184E00DBF138 /* SDImageCache.h */ = {isa = PBXFileReference; fileEncoding = 4; lastKnownFileType = sourcecode.c.h; path = SDImageCache.h; sourceTree = "<group>"; };
		AEE108E61DF0184E00DBF138 /* SDImageCache.m */ = {isa = PBXFileReference; fileEncoding = 4; lastKnownFileType = sourcecode.c.objc; path = SDImageCache.m; sourceTree = "<group>"; };
		AEE108E71DF0184E00DBF138 /* SDWebImageCompat.h */ = {isa = PBXFileReference; fileEncoding = 4; lastKnownFileType = sourcecode.c.h; path = SDWebImageCompat.h; sourceTree = "<group>"; };
		AEE108E81DF0184E00DBF138 /* SDWebImageCompat.m */ = {isa = PBXFileReference; fileEncoding = 4; lastKnownFileType = sourcecode.c.objc; path = SDWebImageCompat.m; sourceTree = "<group>"; };
		AEE108E91DF0184E00DBF138 /* SDWebImageDecoder.h */ = {isa = PBXFileReference; fileEncoding = 4; lastKnownFileType = sourcecode.c.h; path = SDWebImageDecoder.h; sourceTree = "<group>"; };
		AEE108EA1DF0184E00DBF138 /* SDWebImageDecoder.m */ = {isa = PBXFileReference; fileEncoding = 4; lastKnownFileType = sourcecode.c.objc; path = SDWebImageDecoder.m; sourceTree = "<group>"; };
		AEE108EB1DF0184E00DBF138 /* SDWebImageDownloader.h */ = {isa = PBXFileReference; fileEncoding = 4; lastKnownFileType = sourcecode.c.h; path = SDWebImageDownloader.h; sourceTree = "<group>"; };
		AEE108EC1DF0184E00DBF138 /* SDWebImageDownloader.m */ = {isa = PBXFileReference; fileEncoding = 4; lastKnownFileType = sourcecode.c.objc; path = SDWebImageDownloader.m; sourceTree = "<group>"; };
		AEE108ED1DF0184E00DBF138 /* SDWebImageDownloaderOperation.h */ = {isa = PBXFileReference; fileEncoding = 4; lastKnownFileType = sourcecode.c.h; path = SDWebImageDownloaderOperation.h; sourceTree = "<group>"; };
		AEE108EE1DF0184E00DBF138 /* SDWebImageDownloaderOperation.m */ = {isa = PBXFileReference; fileEncoding = 4; lastKnownFileType = sourcecode.c.objc; path = SDWebImageDownloaderOperation.m; sourceTree = "<group>"; };
		AEE108EF1DF0184E00DBF138 /* SDWebImageManager.h */ = {isa = PBXFileReference; fileEncoding = 4; lastKnownFileType = sourcecode.c.h; path = SDWebImageManager.h; sourceTree = "<group>"; };
		AEE108F01DF0184E00DBF138 /* SDWebImageManager.m */ = {isa = PBXFileReference; fileEncoding = 4; lastKnownFileType = sourcecode.c.objc; path = SDWebImageManager.m; sourceTree = "<group>"; };
		AEE108F11DF0184E00DBF138 /* SDWebImageOperation.h */ = {isa = PBXFileReference; fileEncoding = 4; lastKnownFileType = sourcecode.c.h; path = SDWebImageOperation.h; sourceTree = "<group>"; };
		AEE108F21DF0184E00DBF138 /* SDWebImagePrefetcher.h */ = {isa = PBXFileReference; fileEncoding = 4; lastKnownFileType = sourcecode.c.h; path = SDWebImagePrefetcher.h; sourceTree = "<group>"; };
		AEE108F31DF0184E00DBF138 /* SDWebImagePrefetcher.m */ = {isa = PBXFileReference; fileEncoding = 4; lastKnownFileType = sourcecode.c.objc; path = SDWebImagePrefetcher.m; sourceTree = "<group>"; };
		AEE108F41DF0184E00DBF138 /* UIButton+WebCache.h */ = {isa = PBXFileReference; fileEncoding = 4; lastKnownFileType = sourcecode.c.h; path = "UIButton+WebCache.h"; sourceTree = "<group>"; };
		AEE108F51DF0184E00DBF138 /* UIButton+WebCache.m */ = {isa = PBXFileReference; fileEncoding = 4; lastKnownFileType = sourcecode.c.objc; path = "UIButton+WebCache.m"; sourceTree = "<group>"; };
		AEE108F61DF0184E00DBF138 /* UIImage+GIF.h */ = {isa = PBXFileReference; fileEncoding = 4; lastKnownFileType = sourcecode.c.h; path = "UIImage+GIF.h"; sourceTree = "<group>"; };
		AEE108F71DF0184E00DBF138 /* UIImage+GIF.m */ = {isa = PBXFileReference; fileEncoding = 4; lastKnownFileType = sourcecode.c.objc; path = "UIImage+GIF.m"; sourceTree = "<group>"; };
		AEE108F81DF0184E00DBF138 /* UIImage+MultiFormat.h */ = {isa = PBXFileReference; fileEncoding = 4; lastKnownFileType = sourcecode.c.h; path = "UIImage+MultiFormat.h"; sourceTree = "<group>"; };
		AEE108F91DF0184E00DBF138 /* UIImage+MultiFormat.m */ = {isa = PBXFileReference; fileEncoding = 4; lastKnownFileType = sourcecode.c.objc; path = "UIImage+MultiFormat.m"; sourceTree = "<group>"; };
		AEE108FA1DF0184E00DBF138 /* UIImage+WebP.h */ = {isa = PBXFileReference; fileEncoding = 4; lastKnownFileType = sourcecode.c.h; path = "UIImage+WebP.h"; sourceTree = "<group>"; };
		AEE108FB1DF0184E00DBF138 /* UIImage+WebP.m */ = {isa = PBXFileReference; fileEncoding = 4; lastKnownFileType = sourcecode.c.objc; path = "UIImage+WebP.m"; sourceTree = "<group>"; };
		AEE108FC1DF0184E00DBF138 /* UIImageView+HighlightedWebCache.h */ = {isa = PBXFileReference; fileEncoding = 4; lastKnownFileType = sourcecode.c.h; path = "UIImageView+HighlightedWebCache.h"; sourceTree = "<group>"; };
		AEE108FD1DF0184E00DBF138 /* UIImageView+HighlightedWebCache.m */ = {isa = PBXFileReference; fileEncoding = 4; lastKnownFileType = sourcecode.c.objc; path = "UIImageView+HighlightedWebCache.m"; sourceTree = "<group>"; };
		AEE108FE1DF0184E00DBF138 /* UIImageView+WebCache.h */ = {isa = PBXFileReference; fileEncoding = 4; lastKnownFileType = sourcecode.c.h; path = "UIImageView+WebCache.h"; sourceTree = "<group>"; };
		AEE108FF1DF0184E00DBF138 /* UIImageView+WebCache.m */ = {isa = PBXFileReference; fileEncoding = 4; lastKnownFileType = sourcecode.c.objc; path = "UIImageView+WebCache.m"; sourceTree = "<group>"; };
		AEE109001DF0184E00DBF138 /* UIView+WebCacheOperation.h */ = {isa = PBXFileReference; fileEncoding = 4; lastKnownFileType = sourcecode.c.h; path = "UIView+WebCacheOperation.h"; sourceTree = "<group>"; };
		AEE109011DF0184E00DBF138 /* UIView+WebCacheOperation.m */ = {isa = PBXFileReference; fileEncoding = 4; lastKnownFileType = sourcecode.c.objc; path = "UIView+WebCacheOperation.m"; sourceTree = "<group>"; };
		AEE109141DF0186800DBF138 /* PrefixHeader.pch */ = {isa = PBXFileReference; fileEncoding = 4; lastKnownFileType = sourcecode.c.h; path = PrefixHeader.pch; sourceTree = "<group>"; };
		AEE109151DF01E4100DBF138 /* url.h */ = {isa = PBXFileReference; lastKnownFileType = sourcecode.c.h; path = url.h; sourceTree = "<group>"; };
		AEE109161DF023FC00DBF138 /* 1.h */ = {isa = PBXFileReference; lastKnownFileType = sourcecode.c.h; path = 1.h; sourceTree = "<group>"; };
		AEE109171DF0241500DBF138 /* 2.h */ = {isa = PBXFileReference; lastKnownFileType = sourcecode.c.h; path = 2.h; sourceTree = "<group>"; };
		AEE109181DF0241C00DBF138 /* 3.h */ = {isa = PBXFileReference; lastKnownFileType = sourcecode.c.h; path = 3.h; sourceTree = "<group>"; };
		AEE109191DF0242600DBF138 /* 5.h */ = {isa = PBXFileReference; lastKnownFileType = sourcecode.c.h; path = 5.h; sourceTree = "<group>"; };
		AEE1091A1DF0242C00DBF138 /* 4.h */ = {isa = PBXFileReference; lastKnownFileType = sourcecode.c.h; path = 4.h; sourceTree = "<group>"; };
		AEE1091B1DF0243100DBF138 /* 7.h */ = {isa = PBXFileReference; lastKnownFileType = sourcecode.c.h; path = 7.h; sourceTree = "<group>"; };
		AEE1091C1DF0243A00DBF138 /* 11.h */ = {isa = PBXFileReference; lastKnownFileType = sourcecode.c.h; path = 11.h; sourceTree = "<group>"; };
		AEE1091D1DF0243F00DBF138 /* 22.h */ = {isa = PBXFileReference; lastKnownFileType = sourcecode.c.h; path = 22.h; sourceTree = "<group>"; };
		AEE1091E1DF0244500DBF138 /* 33.h */ = {isa = PBXFileReference; lastKnownFileType = sourcecode.c.h; path = 33.h; sourceTree = "<group>"; };
		AEE1091F1DF0244C00DBF138 /* 44.h */ = {isa = PBXFileReference; lastKnownFileType = sourcecode.c.h; path = 44.h; sourceTree = "<group>"; };
		C083A1629C7FFB47BC487233 /* Pods-第九组.debug.xcconfig */ = {isa = PBXFileReference; includeInIndex = 1; lastKnownFileType = text.xcconfig; name = "Pods-第九组.debug.xcconfig"; path = "Pods/Target Support Files/Pods-第九组/Pods-第九组.debug.xcconfig"; sourceTree = "<group>"; };
		CDBEF36309FF94A8DFB5EA74 /* libPods-第九组.a */ = {isa = PBXFileReference; explicitFileType = archive.ar; includeInIndex = 0; path = "libPods-第九组.a"; sourceTree = BUILT_PRODUCTS_DIR; };
		FB27F09D491B3E6F734020EA /* Pods-第九组.release.xcconfig */ = {isa = PBXFileReference; includeInIndex = 1; lastKnownFileType = text.xcconfig; name = "Pods-第九组.release.xcconfig"; path = "Pods/Target Support Files/Pods-第九组/Pods-第九组.release.xcconfig"; sourceTree = "<group>"; };
/* End PBXFileReference section */

/* Begin PBXFrameworksBuildPhase section */
		AEE108751DF0072100DBF138 /* Frameworks */ = {
			isa = PBXFrameworksBuildPhase;
			buildActionMask = 2147483647;
			files = (
				507508F088B2186FE90DECB1 /* libPods-第九组.a in Frameworks */,
			);
			runOnlyForDeploymentPostprocessing = 0;
		};
		AEE1088E1DF0072100DBF138 /* Frameworks */ = {
			isa = PBXFrameworksBuildPhase;
			buildActionMask = 2147483647;
			files = (
			);
			runOnlyForDeploymentPostprocessing = 0;
		};
		AEE108991DF0072100DBF138 /* Frameworks */ = {
			isa = PBXFrameworksBuildPhase;
			buildActionMask = 2147483647;
			files = (
			);
			runOnlyForDeploymentPostprocessing = 0;
		};
/* End PBXFrameworksBuildPhase section */

/* Begin PBXGroup section */
		AEE1086F1DF0072000DBF138 = {
			isa = PBXGroup;
			children = (
				AEE108AE1DF0083400DBF138 /* 类目 */,
				AEE108AF1DF0083400DBF138 /* 目的地 */,
				AEE108B41DF0083400DBF138 /* 首页 */,
				AEE108B91DF0083400DBF138 /* 我的 */,
				AEE108BE1DF0083400DBF138 /* Other */,
				AEE108BF1DF0083400DBF138 /* SDKs */,
				AEE1087A1DF0072100DBF138 /* 第九组 */,
				AEE108941DF0072100DBF138 /* 第九组Tests */,
				AEE1089F1DF0072100DBF138 /* 第九组UITests */,
				AEE108791DF0072100DBF138 /* Products */,
				DAF2CF77FCA3E03A6F8CD559 /* Pods */,
				D8F39A26F9F7BC6EC9D18282 /* Frameworks */,
			);
			sourceTree = "<group>";
		};
		AEE108791DF0072100DBF138 /* Products */ = {
			isa = PBXGroup;
			children = (
				AEE108781DF0072100DBF138 /* 第九组.app */,
				AEE108911DF0072100DBF138 /* 第九组Tests.xctest */,
				AEE1089C1DF0072100DBF138 /* 第九组UITests.xctest */,
			);
			name = Products;
			sourceTree = "<group>";
		};
		AEE1087A1DF0072100DBF138 /* 第九组 */ = {
			isa = PBXGroup;
			children = (
				AEE1087E1DF0072100DBF138 /* AppDelegate.h */,
				AEE1087F1DF0072100DBF138 /* AppDelegate.m */,
				AEE108811DF0072100DBF138 /* ViewController.h */,
				AEE108821DF0072100DBF138 /* ViewController.m */,
				AEE108C01DF00FEE00DBF138 /* tabBarViewController.h */,
				AEE108C11DF00FEF00DBF138 /* tabBarViewController.m */,
				AEE108C21DF00FEF00DBF138 /* NavViewController.h */,
				AEE108C31DF00FEF00DBF138 /* NavViewController.m */,
				AEE109141DF0186800DBF138 /* PrefixHeader.pch */,
				AEE108841DF0072100DBF138 /* Main.storyboard */,
				AEE108871DF0072100DBF138 /* Assets.xcassets */,
				AEE108CF1DF0109600DBF138 /* 定位 (1).png */,
				AEE108D01DF0109600DBF138 /* 定位.png */,
				AEE108D11DF0109600DBF138 /* 我的 (1).png */,
				AEE108D21DF0109600DBF138 /* 我的.png */,
				AEE108D31DF0109600DBF138 /* 首页 (1).png */,
				AEE108D41DF0109600DBF138 /* 首页.png */,
				AEE108891DF0072100DBF138 /* LaunchScreen.storyboard */,
				AEE1088C1DF0072100DBF138 /* Info.plist */,
				AEE1087B1DF0072100DBF138 /* Supporting Files */,
			);
			path = "第九组";
			sourceTree = "<group>";
		};
		AEE1087B1DF0072100DBF138 /* Supporting Files */ = {
			isa = PBXGroup;
			children = (
				AEE1087C1DF0072100DBF138 /* main.m */,
			);
			name = "Supporting Files";
			sourceTree = "<group>";
		};
		AEE108941DF0072100DBF138 /* 第九组Tests */ = {
			isa = PBXGroup;
			children = (
				AEE108951DF0072100DBF138 /* ___Tests.m */,
				AEE108971DF0072100DBF138 /* Info.plist */,
			);
			path = "第九组Tests";
			sourceTree = "<group>";
		};
		AEE1089F1DF0072100DBF138 /* 第九组UITests */ = {
			isa = PBXGroup;
			children = (
				AEE108A01DF0072100DBF138 /* ___UITests.m */,
				AEE108A21DF0072100DBF138 /* Info.plist */,
			);
			path = "第九组UITests";
			sourceTree = "<group>";
		};
		AEE108AE1DF0083400DBF138 /* 类目 */ = {
			isa = PBXGroup;
			children = (
				AEE1091F1DF0244C00DBF138 /* 44.h */,
			);
			name = "类目";
			path = "第九组/类目";
			sourceTree = "<group>";
		};
		AEE108AF1DF0083400DBF138 /* 目的地 */ = {
			isa = PBXGroup;
			children = (
				AEE108B01DF0083400DBF138 /* Model */,
				AEE108B11DF0083400DBF138 /* Tools */,
				AEE108B21DF0083400DBF138 /* View */,
				AEE108B31DF0083400DBF138 /* ViewController */,
			);
			name = "目的地";
			path = "第九组/目的地";
			sourceTree = "<group>";
		};
		AEE108B01DF0083400DBF138 /* Model */ = {
			isa = PBXGroup;
			children = (
				AEE1091C1DF0243A00DBF138 /* 11.h */,
			);
			path = Model;
			sourceTree = "<group>";
		};
		AEE108B11DF0083400DBF138 /* Tools */ = {
			isa = PBXGroup;
			children = (
				AEE1091D1DF0243F00DBF138 /* 22.h */,
			);
			path = Tools;
			sourceTree = "<group>";
		};
		AEE108B21DF0083400DBF138 /* View */ = {
			isa = PBXGroup;
			children = (
				AEE1091E1DF0244500DBF138 /* 33.h */,
			);
			path = View;
			sourceTree = "<group>";
		};
		AEE108B31DF0083400DBF138 /* ViewController */ = {
			isa = PBXGroup;
			children = (
				AEE108CC1DF0101900DBF138 /* MDDViewController.h */,
				AEE108CD1DF0101900DBF138 /* MDDViewController.m */,
			);
			path = ViewController;
			sourceTree = "<group>";
		};
		AEE108B41DF0083400DBF138 /* 首页 */ = {
			isa = PBXGroup;
			children = (
				AEE108B51DF0083400DBF138 /* Model */,
				AEE108B61DF0083400DBF138 /* Tools */,
				AEE108B71DF0083400DBF138 /* View */,
				AEE108B81DF0083400DBF138 /* ViewController */,
			);
			name = "首页";
			path = "第九组/首页";
			sourceTree = "<group>";
		};
		AEE108B51DF0083400DBF138 /* Model */ = {
			isa = PBXGroup;
			children = (
				AEE109191DF0242600DBF138 /* 5.h */,
			);
			path = Model;
			sourceTree = "<group>";
		};
		AEE108B61DF0083400DBF138 /* Tools */ = {
			isa = PBXGroup;
			children = (
				AEE1091A1DF0242C00DBF138 /* 4.h */,
			);
			path = Tools;
			sourceTree = "<group>";
		};
		AEE108B71DF0083400DBF138 /* View */ = {
			isa = PBXGroup;
			children = (
				AEE1091B1DF0243100DBF138 /* 7.h */,
			);
			path = View;
			sourceTree = "<group>";
		};
		AEE108B81DF0083400DBF138 /* ViewController */ = {
			isa = PBXGroup;
			children = (
				AEE108C61DF00FFE00DBF138 /* shouYeViewController.h */,
				AEE108C71DF00FFE00DBF138 /* shouYeViewController.m */,
			);
			path = ViewController;
			sourceTree = "<group>";
		};
		AEE108B91DF0083400DBF138 /* 我的 */ = {
			isa = PBXGroup;
			children = (
				AEE108BA1DF0083400DBF138 /* Model */,
				AEE108BB1DF0083400DBF138 /* Tools */,
				AEE108BC1DF0083400DBF138 /* View */,
				AEE108BD1DF0083400DBF138 /* ViewController */,
			);
			name = "我的";
			path = "第九组/我的";
			sourceTree = "<group>";
		};
		AEE108BA1DF0083400DBF138 /* Model */ = {
			isa = PBXGroup;
			children = (
				AEE109181DF0241C00DBF138 /* 3.h */,
			);
			path = Model;
			sourceTree = "<group>";
		};
		AEE108BB1DF0083400DBF138 /* Tools */ = {
			isa = PBXGroup;
			children = (
				AEE109171DF0241500DBF138 /* 2.h */,
			);
			path = Tools;
			sourceTree = "<group>";
		};
		AEE108BC1DF0083400DBF138 /* View */ = {
			isa = PBXGroup;
			children = (
				AEE109161DF023FC00DBF138 /* 1.h */,
			);
			path = View;
			sourceTree = "<group>";
		};
		AEE108BD1DF0083400DBF138 /* ViewController */ = {
			isa = PBXGroup;
			children = (
				AEE108C91DF0101100DBF138 /* MyViewController.h */,
				AEE108CA1DF0101100DBF138 /* MyViewController.m */,
			);
			path = ViewController;
			sourceTree = "<group>";
		};
		AEE108BE1DF0083400DBF138 /* Other */ = {
			isa = PBXGroup;
			children = (
				AEE109151DF01E4100DBF138 /* url.h */,
			);
			name = Other;
			path = "第九组/Other";
			sourceTree = "<group>";
		};
		AEE108BF1DF0083400DBF138 /* SDKs */ = {
			isa = PBXGroup;
			children = (
				AEE108DB1DF0184E00DBF138 /* 透明指示层SVProgressHUD */,
				AEE108E01DF0184E00DBF138 /* SDWebImage */,
			);
			name = SDKs;
			path = "第九组/SDKs";
			sourceTree = "<group>";
		};
		AEE108DB1DF0184E00DBF138 /* 透明指示层SVProgressHUD */ = {
			isa = PBXGroup;
			children = (
				AEE108DC1DF0184E00DBF138 /* SVProgressHUD-Prefix.pch */,
				AEE108DD1DF0184E00DBF138 /* SVProgressHUD.bundle */,
				AEE108DE1DF0184E00DBF138 /* SVProgressHUD.h */,
				AEE108DF1DF0184E00DBF138 /* SVProgressHUD.m */,
			);
			path = "透明指示层SVProgressHUD";
			sourceTree = "<group>";
		};
		AEE108E01DF0184E00DBF138 /* SDWebImage */ = {
			isa = PBXGroup;
			children = (
				AEE108E11DF0184E00DBF138 /* MKAnnotationView+WebCache.h */,
				AEE108E21DF0184E00DBF138 /* MKAnnotationView+WebCache.m */,
				AEE108E31DF0184E00DBF138 /* NSData+ImageContentType.h */,
				AEE108E41DF0184E00DBF138 /* NSData+ImageContentType.m */,
				AEE108E51DF0184E00DBF138 /* SDImageCache.h */,
				AEE108E61DF0184E00DBF138 /* SDImageCache.m */,
				AEE108E71DF0184E00DBF138 /* SDWebImageCompat.h */,
				AEE108E81DF0184E00DBF138 /* SDWebImageCompat.m */,
				AEE108E91DF0184E00DBF138 /* SDWebImageDecoder.h */,
				AEE108EA1DF0184E00DBF138 /* SDWebImageDecoder.m */,
				AEE108EB1DF0184E00DBF138 /* SDWebImageDownloader.h */,
				AEE108EC1DF0184E00DBF138 /* SDWebImageDownloader.m */,
				AEE108ED1DF0184E00DBF138 /* SDWebImageDownloaderOperation.h */,
				AEE108EE1DF0184E00DBF138 /* SDWebImageDownloaderOperation.m */,
				AEE108EF1DF0184E00DBF138 /* SDWebImageManager.h */,
				AEE108F01DF0184E00DBF138 /* SDWebImageManager.m */,
				AEE108F11DF0184E00DBF138 /* SDWebImageOperation.h */,
				AEE108F21DF0184E00DBF138 /* SDWebImagePrefetcher.h */,
				AEE108F31DF0184E00DBF138 /* SDWebImagePrefetcher.m */,
				AEE108F41DF0184E00DBF138 /* UIButton+WebCache.h */,
				AEE108F51DF0184E00DBF138 /* UIButton+WebCache.m */,
				AEE108F61DF0184E00DBF138 /* UIImage+GIF.h */,
				AEE108F71DF0184E00DBF138 /* UIImage+GIF.m */,
				AEE108F81DF0184E00DBF138 /* UIImage+MultiFormat.h */,
				AEE108F91DF0184E00DBF138 /* UIImage+MultiFormat.m */,
				AEE108FA1DF0184E00DBF138 /* UIImage+WebP.h */,
				AEE108FB1DF0184E00DBF138 /* UIImage+WebP.m */,
				AEE108FC1DF0184E00DBF138 /* UIImageView+HighlightedWebCache.h */,
				AEE108FD1DF0184E00DBF138 /* UIImageView+HighlightedWebCache.m */,
				AEE108FE1DF0184E00DBF138 /* UIImageView+WebCache.h */,
				AEE108FF1DF0184E00DBF138 /* UIImageView+WebCache.m */,
				AEE109001DF0184E00DBF138 /* UIView+WebCacheOperation.h */,
				AEE109011DF0184E00DBF138 /* UIView+WebCacheOperation.m */,
			);
			path = SDWebImage;
			sourceTree = "<group>";
		};
		D8F39A26F9F7BC6EC9D18282 /* Frameworks */ = {
			isa = PBXGroup;
			children = (
				CDBEF36309FF94A8DFB5EA74 /* libPods-第九组.a */,
			);
			name = Frameworks;
			sourceTree = "<group>";
		};
		DAF2CF77FCA3E03A6F8CD559 /* Pods */ = {
			isa = PBXGroup;
			children = (
				C083A1629C7FFB47BC487233 /* Pods-第九组.debug.xcconfig */,
				FB27F09D491B3E6F734020EA /* Pods-第九组.release.xcconfig */,
			);
			name = Pods;
			sourceTree = "<group>";
		};
/* End PBXGroup section */

/* Begin PBXNativeTarget section */
		AEE108771DF0072100DBF138 /* 第九组 */ = {
			isa = PBXNativeTarget;
			buildConfigurationList = AEE108A51DF0072100DBF138 /* Build configuration list for PBXNativeTarget "第九组" */;
			buildPhases = (
				AF3A4267A1D353035DACB4FD /* [CP] Check Pods Manifest.lock */,
				AEE108741DF0072100DBF138 /* Sources */,
				AEE108751DF0072100DBF138 /* Frameworks */,
				AEE108761DF0072100DBF138 /* Resources */,
				F3C5928167ED8E9F2F824CE0 /* [CP] Embed Pods Frameworks */,
				D960A9943CA73D1CD5179D00 /* [CP] Copy Pods Resources */,
			);
			buildRules = (
			);
			dependencies = (
			);
			name = "第九组";
			productName = "第九组";
			productReference = AEE108781DF0072100DBF138 /* 第九组.app */;
			productType = "com.apple.product-type.application";
		};
		AEE108901DF0072100DBF138 /* 第九组Tests */ = {
			isa = PBXNativeTarget;
			buildConfigurationList = AEE108A81DF0072100DBF138 /* Build configuration list for PBXNativeTarget "第九组Tests" */;
			buildPhases = (
				AEE1088D1DF0072100DBF138 /* Sources */,
				AEE1088E1DF0072100DBF138 /* Frameworks */,
				AEE1088F1DF0072100DBF138 /* Resources */,
			);
			buildRules = (
			);
			dependencies = (
				AEE108931DF0072100DBF138 /* PBXTargetDependency */,
			);
			name = "第九组Tests";
			productName = "第九组Tests";
			productReference = AEE108911DF0072100DBF138 /* 第九组Tests.xctest */;
			productType = "com.apple.product-type.bundle.unit-test";
		};
		AEE1089B1DF0072100DBF138 /* 第九组UITests */ = {
			isa = PBXNativeTarget;
			buildConfigurationList = AEE108AB1DF0072100DBF138 /* Build configuration list for PBXNativeTarget "第九组UITests" */;
			buildPhases = (
				AEE108981DF0072100DBF138 /* Sources */,
				AEE108991DF0072100DBF138 /* Frameworks */,
				AEE1089A1DF0072100DBF138 /* Resources */,
			);
			buildRules = (
			);
			dependencies = (
				AEE1089E1DF0072100DBF138 /* PBXTargetDependency */,
			);
			name = "第九组UITests";
			productName = "第九组UITests";
			productReference = AEE1089C1DF0072100DBF138 /* 第九组UITests.xctest */;
			productType = "com.apple.product-type.bundle.ui-testing";
		};
/* End PBXNativeTarget section */

/* Begin PBXProject section */
		AEE108701DF0072000DBF138 /* Project object */ = {
			isa = PBXProject;
			attributes = {
				LastUpgradeCheck = 0810;
				ORGANIZATIONNAME = kanghaoran;
				TargetAttributes = {
					AEE108771DF0072100DBF138 = {
						CreatedOnToolsVersion = 8.1;
						ProvisioningStyle = Automatic;
					};
					AEE108901DF0072100DBF138 = {
						CreatedOnToolsVersion = 8.1;
						ProvisioningStyle = Automatic;
						TestTargetID = AEE108771DF0072100DBF138;
					};
					AEE1089B1DF0072100DBF138 = {
						CreatedOnToolsVersion = 8.1;
						ProvisioningStyle = Automatic;
						TestTargetID = AEE108771DF0072100DBF138;
					};
				};
			};
			buildConfigurationList = AEE108731DF0072000DBF138 /* Build configuration list for PBXProject "第九组" */;
			compatibilityVersion = "Xcode 3.2";
			developmentRegion = English;
			hasScannedForEncodings = 0;
			knownRegions = (
				en,
				Base,
			);
			mainGroup = AEE1086F1DF0072000DBF138;
			productRefGroup = AEE108791DF0072100DBF138 /* Products */;
			projectDirPath = "";
			projectRoot = "";
			targets = (
				AEE108771DF0072100DBF138 /* 第九组 */,
				AEE108901DF0072100DBF138 /* 第九组Tests */,
				AEE1089B1DF0072100DBF138 /* 第九组UITests */,
			);
		};
/* End PBXProject section */

/* Begin PBXResourcesBuildPhase section */
		AEE108761DF0072100DBF138 /* Resources */ = {
			isa = PBXResourcesBuildPhase;
			buildActionMask = 2147483647;
			files = (
				AEE108D61DF0109600DBF138 /* 定位.png in Resources */,
				AEE1088B1DF0072100DBF138 /* LaunchScreen.storyboard in Resources */,
				AEE108D91DF0109600DBF138 /* 首页 (1).png in Resources */,
				AEE108D71DF0109600DBF138 /* 我的 (1).png in Resources */,
				AEE108881DF0072100DBF138 /* Assets.xcassets in Resources */,
				AEE109021DF0184E00DBF138 /* SVProgressHUD.bundle in Resources */,
				AEE108D51DF0109600DBF138 /* 定位 (1).png in Resources */,
				AEE108861DF0072100DBF138 /* Main.storyboard in Resources */,
				AEE108DA1DF0109600DBF138 /* 首页.png in Resources */,
				AEE108D81DF0109600DBF138 /* 我的.png in Resources */,
			);
			runOnlyForDeploymentPostprocessing = 0;
		};
		AEE1088F1DF0072100DBF138 /* Resources */ = {
			isa = PBXResourcesBuildPhase;
			buildActionMask = 2147483647;
			files = (
			);
			runOnlyForDeploymentPostprocessing = 0;
		};
		AEE1089A1DF0072100DBF138 /* Resources */ = {
			isa = PBXResourcesBuildPhase;
			buildActionMask = 2147483647;
			files = (
			);
			runOnlyForDeploymentPostprocessing = 0;
		};
/* End PBXResourcesBuildPhase section */

/* Begin PBXShellScriptBuildPhase section */
		AF3A4267A1D353035DACB4FD /* [CP] Check Pods Manifest.lock */ = {
			isa = PBXShellScriptBuildPhase;
			buildActionMask = 2147483647;
			files = (
			);
			inputPaths = (
			);
			name = "[CP] Check Pods Manifest.lock";
			outputPaths = (
			);
			runOnlyForDeploymentPostprocessing = 0;
			shellPath = /bin/sh;
			shellScript = "diff \"${PODS_ROOT}/../Podfile.lock\" \"${PODS_ROOT}/Manifest.lock\" > /dev/null\nif [ $? != 0 ] ; then\n    # print error to STDERR\n    echo \"error: The sandbox is not in sync with the Podfile.lock. Run 'pod install' or update your CocoaPods installation.\" >&2\n    exit 1\nfi\n";
			showEnvVarsInLog = 0;
		};
		D960A9943CA73D1CD5179D00 /* [CP] Copy Pods Resources */ = {
			isa = PBXShellScriptBuildPhase;
			buildActionMask = 2147483647;
			files = (
			);
			inputPaths = (
			);
			name = "[CP] Copy Pods Resources";
			outputPaths = (
			);
			runOnlyForDeploymentPostprocessing = 0;
			shellPath = /bin/sh;
			shellScript = "\"${SRCROOT}/Pods/Target Support Files/Pods-第九组/Pods-第九组-resources.sh\"\n";
			showEnvVarsInLog = 0;
		};
		F3C5928167ED8E9F2F824CE0 /* [CP] Embed Pods Frameworks */ = {
			isa = PBXShellScriptBuildPhase;
			buildActionMask = 2147483647;
			files = (
			);
			inputPaths = (
			);
			name = "[CP] Embed Pods Frameworks";
			outputPaths = (
			);
			runOnlyForDeploymentPostprocessing = 0;
			shellPath = /bin/sh;
			shellScript = "\"${SRCROOT}/Pods/Target Support Files/Pods-第九组/Pods-第九组-frameworks.sh\"\n";
			showEnvVarsInLog = 0;
		};
/* End PBXShellScriptBuildPhase section */

/* Begin PBXSourcesBuildPhase section */
		AEE108741DF0072100DBF138 /* Sources */ = {
			isa = PBXSourcesBuildPhase;
			buildActionMask = 2147483647;
			files = (
				AEE109111DF0184E00DBF138 /* UIImageView+HighlightedWebCache.m in Sources */,
				AEE109081DF0184E00DBF138 /* SDWebImageDecoder.m in Sources */,
				AEE109121DF0184E00DBF138 /* UIImageView+WebCache.m in Sources */,
				AEE108C41DF00FEF00DBF138 /* tabBarViewController.m in Sources */,
				AEE1090A1DF0184E00DBF138 /* SDWebImageDownloaderOperation.m in Sources */,
				AEE1090B1DF0184E00DBF138 /* SDWebImageManager.m in Sources */,
				AEE108831DF0072100DBF138 /* ViewController.m in Sources */,
				AEE108CE1DF0101900DBF138 /* MDDViewController.m in Sources */,
				AEE109091DF0184E00DBF138 /* SDWebImageDownloader.m in Sources */,
				AEE109041DF0184E00DBF138 /* MKAnnotationView+WebCache.m in Sources */,
				AEE109071DF0184E00DBF138 /* SDWebImageCompat.m in Sources */,
				AEE1090C1DF0184E00DBF138 /* SDWebImagePrefetcher.m in Sources */,
				AEE109131DF0184E00DBF138 /* UIView+WebCacheOperation.m in Sources */,
				AEE1090F1DF0184E00DBF138 /* UIImage+MultiFormat.m in Sources */,
				AEE108801DF0072100DBF138 /* AppDelegate.m in Sources */,
				AEE108C81DF00FFE00DBF138 /* shouYeViewController.m in Sources */,
				AEE1090D1DF0184E00DBF138 /* UIButton+WebCache.m in Sources */,
				AEE109031DF0184E00DBF138 /* SVProgressHUD.m in Sources */,
				AEE109061DF0184E00DBF138 /* SDImageCache.m in Sources */,
				AEE1087D1DF0072100DBF138 /* main.m in Sources */,
				AEE108C51DF00FEF00DBF138 /* NavViewController.m in Sources */,
				AEE108CB1DF0101100DBF138 /* MyViewController.m in Sources */,
				AEE1090E1DF0184E00DBF138 /* UIImage+GIF.m in Sources */,
				AEE109051DF0184E00DBF138 /* NSData+ImageContentType.m in Sources */,
				AEE109101DF0184E00DBF138 /* UIImage+WebP.m in Sources */,
			);
			runOnlyForDeploymentPostprocessing = 0;
		};
		AEE1088D1DF0072100DBF138 /* Sources */ = {
			isa = PBXSourcesBuildPhase;
			buildActionMask = 2147483647;
			files = (
				AEE108961DF0072100DBF138 /* ___Tests.m in Sources */,
			);
			runOnlyForDeploymentPostprocessing = 0;
		};
		AEE108981DF0072100DBF138 /* Sources */ = {
			isa = PBXSourcesBuildPhase;
			buildActionMask = 2147483647;
			files = (
				AEE108A11DF0072100DBF138 /* ___UITests.m in Sources */,
			);
			runOnlyForDeploymentPostprocessing = 0;
		};
/* End PBXSourcesBuildPhase section */

/* Begin PBXTargetDependency section */
		AEE108931DF0072100DBF138 /* PBXTargetDependency */ = {
			isa = PBXTargetDependency;
			target = AEE108771DF0072100DBF138 /* 第九组 */;
			targetProxy = AEE108921DF0072100DBF138 /* PBXContainerItemProxy */;
		};
		AEE1089E1DF0072100DBF138 /* PBXTargetDependency */ = {
			isa = PBXTargetDependency;
			target = AEE108771DF0072100DBF138 /* 第九组 */;
			targetProxy = AEE1089D1DF0072100DBF138 /* PBXContainerItemProxy */;
		};
/* End PBXTargetDependency section */

/* Begin PBXVariantGroup section */
		AEE108841DF0072100DBF138 /* Main.storyboard */ = {
			isa = PBXVariantGroup;
			children = (
				AEE108851DF0072100DBF138 /* Base */,
			);
			name = Main.storyboard;
			sourceTree = "<group>";
		};
		AEE108891DF0072100DBF138 /* LaunchScreen.storyboard */ = {
			isa = PBXVariantGroup;
			children = (
				AEE1088A1DF0072100DBF138 /* Base */,
			);
			name = LaunchScreen.storyboard;
			sourceTree = "<group>";
		};
/* End PBXVariantGroup section */

/* Begin XCBuildConfiguration section */
		AEE108A31DF0072100DBF138 /* Debug */ = {
			isa = XCBuildConfiguration;
			buildSettings = {
				ALWAYS_SEARCH_USER_PATHS = NO;
				CLANG_ANALYZER_NONNULL = YES;
				CLANG_CXX_LANGUAGE_STANDARD = "gnu++0x";
				CLANG_CXX_LIBRARY = "libc++";
				CLANG_ENABLE_MODULES = YES;
				CLANG_ENABLE_OBJC_ARC = YES;
				CLANG_WARN_BOOL_CONVERSION = YES;
				CLANG_WARN_CONSTANT_CONVERSION = YES;
				CLANG_WARN_DIRECT_OBJC_ISA_USAGE = YES_ERROR;
				CLANG_WARN_DOCUMENTATION_COMMENTS = YES;
				CLANG_WARN_EMPTY_BODY = YES;
				CLANG_WARN_ENUM_CONVERSION = YES;
				CLANG_WARN_INFINITE_RECURSION = YES;
				CLANG_WARN_INT_CONVERSION = YES;
				CLANG_WARN_OBJC_ROOT_CLASS = YES_ERROR;
				CLANG_WARN_SUSPICIOUS_MOVES = YES;
				CLANG_WARN_UNREACHABLE_CODE = YES;
				CLANG_WARN__DUPLICATE_METHOD_MATCH = YES;
				"CODE_SIGN_IDENTITY[sdk=iphoneos*]" = "iPhone Developer";
				COPY_PHASE_STRIP = NO;
				DEBUG_INFORMATION_FORMAT = dwarf;
				ENABLE_STRICT_OBJC_MSGSEND = YES;
				ENABLE_TESTABILITY = YES;
				GCC_C_LANGUAGE_STANDARD = gnu99;
				GCC_DYNAMIC_NO_PIC = NO;
				GCC_NO_COMMON_BLOCKS = YES;
				GCC_OPTIMIZATION_LEVEL = 0;
				GCC_PREPROCESSOR_DEFINITIONS = (
					"DEBUG=1",
					"$(inherited)",
				);
				GCC_WARN_64_TO_32_BIT_CONVERSION = YES;
				GCC_WARN_ABOUT_RETURN_TYPE = YES_ERROR;
				GCC_WARN_UNDECLARED_SELECTOR = YES;
				GCC_WARN_UNINITIALIZED_AUTOS = YES_AGGRESSIVE;
				GCC_WARN_UNUSED_FUNCTION = YES;
				GCC_WARN_UNUSED_VARIABLE = YES;
				IPHONEOS_DEPLOYMENT_TARGET = 10.1;
				MTL_ENABLE_DEBUG_INFO = YES;
				ONLY_ACTIVE_ARCH = YES;
				SDKROOT = iphoneos;
				TARGETED_DEVICE_FAMILY = "1,2";
			};
			name = Debug;
		};
		AEE108A41DF0072100DBF138 /* Release */ = {
			isa = XCBuildConfiguration;
			buildSettings = {
				ALWAYS_SEARCH_USER_PATHS = NO;
				CLANG_ANALYZER_NONNULL = YES;
				CLANG_CXX_LANGUAGE_STANDARD = "gnu++0x";
				CLANG_CXX_LIBRARY = "libc++";
				CLANG_ENABLE_MODULES = YES;
				CLANG_ENABLE_OBJC_ARC = YES;
				CLANG_WARN_BOOL_CONVERSION = YES;
				CLANG_WARN_CONSTANT_CONVERSION = YES;
				CLANG_WARN_DIRECT_OBJC_ISA_USAGE = YES_ERROR;
				CLANG_WARN_DOCUMENTATION_COMMENTS = YES;
				CLANG_WARN_EMPTY_BODY = YES;
				CLANG_WARN_ENUM_CONVERSION = YES;
				CLANG_WARN_INFINITE_RECURSION = YES;
				CLANG_WARN_INT_CONVERSION = YES;
				CLANG_WARN_OBJC_ROOT_CLASS = YES_ERROR;
				CLANG_WARN_SUSPICIOUS_MOVES = YES;
				CLANG_WARN_UNREACHABLE_CODE = YES;
				CLANG_WARN__DUPLICATE_METHOD_MATCH = YES;
				"CODE_SIGN_IDENTITY[sdk=iphoneos*]" = "iPhone Developer";
				COPY_PHASE_STRIP = NO;
				DEBUG_INFORMATION_FORMAT = "dwarf-with-dsym";
				ENABLE_NS_ASSERTIONS = NO;
				ENABLE_STRICT_OBJC_MSGSEND = YES;
				GCC_C_LANGUAGE_STANDARD = gnu99;
				GCC_NO_COMMON_BLOCKS = YES;
				GCC_WARN_64_TO_32_BIT_CONVERSION = YES;
				GCC_WARN_ABOUT_RETURN_TYPE = YES_ERROR;
				GCC_WARN_UNDECLARED_SELECTOR = YES;
				GCC_WARN_UNINITIALIZED_AUTOS = YES_AGGRESSIVE;
				GCC_WARN_UNUSED_FUNCTION = YES;
				GCC_WARN_UNUSED_VARIABLE = YES;
				IPHONEOS_DEPLOYMENT_TARGET = 10.1;
				MTL_ENABLE_DEBUG_INFO = NO;
				SDKROOT = iphoneos;
				TARGETED_DEVICE_FAMILY = "1,2";
				VALIDATE_PRODUCT = YES;
			};
			name = Release;
		};
		AEE108A61DF0072100DBF138 /* Debug */ = {
			isa = XCBuildConfiguration;
			baseConfigurationReference = C083A1629C7FFB47BC487233 /* Pods-第九组.debug.xcconfig */;
			buildSettings = {
				ASSETCATALOG_COMPILER_APPICON_NAME = AppIcon;
				GCC_PRECOMPILE_PREFIX_HEADER = YES;
				GCC_PREFIX_HEADER = "第九组/PrefixHeader.pch";
				INFOPLIST_FILE = "第九组/Info.plist";
				LD_RUNPATH_SEARCH_PATHS = "$(inherited) @executable_path/Frameworks";
				PRODUCT_BUNDLE_IDENTIFIER = "com.wyzc.www.---";
				PRODUCT_NAME = "$(TARGET_NAME)";
			};
			name = Debug;
		};
		AEE108A71DF0072100DBF138 /* Release */ = {
			isa = XCBuildConfiguration;
			baseConfigurationReference = FB27F09D491B3E6F734020EA /* Pods-第九组.release.xcconfig */;
			buildSettings = {
				ASSETCATALOG_COMPILER_APPICON_NAME = AppIcon;
				GCC_PRECOMPILE_PREFIX_HEADER = YES;
				GCC_PREFIX_HEADER = "第九组/PrefixHeader.pch";
				INFOPLIST_FILE = "第九组/Info.plist";
				LD_RUNPATH_SEARCH_PATHS = "$(inherited) @executable_path/Frameworks";
				PRODUCT_BUNDLE_IDENTIFIER = "com.wyzc.www.---";
				PRODUCT_NAME = "$(TARGET_NAME)";
			};
			name = Release;
		};
		AEE108A91DF0072100DBF138 /* Debug */ = {
			isa = XCBuildConfiguration;
			buildSettings = {
				BUNDLE_LOADER = "$(TEST_HOST)";
				INFOPLIST_FILE = "第九组Tests/Info.plist";
				LD_RUNPATH_SEARCH_PATHS = "$(inherited) @executable_path/Frameworks @loader_path/Frameworks";
				PRODUCT_BUNDLE_IDENTIFIER = "com.wyzc.www.---Tests";
				PRODUCT_NAME = "$(TARGET_NAME)";
				TEST_HOST = "$(BUILT_PRODUCTS_DIR)/第九组.app/第九组";
			};
			name = Debug;
		};
		AEE108AA1DF0072100DBF138 /* Release */ = {
			isa = XCBuildConfiguration;
			buildSettings = {
				BUNDLE_LOADER = "$(TEST_HOST)";
				INFOPLIST_FILE = "第九组Tests/Info.plist";
				LD_RUNPATH_SEARCH_PATHS = "$(inherited) @executable_path/Frameworks @loader_path/Frameworks";
				PRODUCT_BUNDLE_IDENTIFIER = "com.wyzc.www.---Tests";
				PRODUCT_NAME = "$(TARGET_NAME)";
				TEST_HOST = "$(BUILT_PRODUCTS_DIR)/第九组.app/第九组";
			};
			name = Release;
		};
		AEE108AC1DF0072100DBF138 /* Debug */ = {
			isa = XCBuildConfiguration;
			buildSettings = {
				INFOPLIST_FILE = "第九组UITests/Info.plist";
				LD_RUNPATH_SEARCH_PATHS = "$(inherited) @executable_path/Frameworks @loader_path/Frameworks";
				PRODUCT_BUNDLE_IDENTIFIER = "com.wyzc.www.---UITests";
				PRODUCT_NAME = "$(TARGET_NAME)";
				TEST_TARGET_NAME = "第九组";
			};
			name = Debug;
		};
		AEE108AD1DF0072100DBF138 /* Release */ = {
			isa = XCBuildConfiguration;
			buildSettings = {
				INFOPLIST_FILE = "第九组UITests/Info.plist";
				LD_RUNPATH_SEARCH_PATHS = "$(inherited) @executable_path/Frameworks @loader_path/Frameworks";
				PRODUCT_BUNDLE_IDENTIFIER = "com.wyzc.www.---UITests";
				PRODUCT_NAME = "$(TARGET_NAME)";
				TEST_TARGET_NAME = "第九组";
			};
			name = Release;
		};
/* End XCBuildConfiguration section */

/* Begin XCConfigurationList section */
		AEE108731DF0072000DBF138 /* Build configuration list for PBXProject "第九组" */ = {
			isa = XCConfigurationList;
			buildConfigurations = (
				AEE108A31DF0072100DBF138 /* Debug */,
				AEE108A41DF0072100DBF138 /* Release */,
			);
			defaultConfigurationIsVisible = 0;
			defaultConfigurationName = Release;
		};
		AEE108A51DF0072100DBF138 /* Build configuration list for PBXNativeTarget "第九组" */ = {
			isa = XCConfigurationList;
			buildConfigurations = (
				AEE108A61DF0072100DBF138 /* Debug */,
				AEE108A71DF0072100DBF138 /* Release */,
			);
			defaultConfigurationIsVisible = 0;
			defaultConfigurationName = Release;
		};
		AEE108A81DF0072100DBF138 /* Build configuration list for PBXNativeTarget "第九组Tests" */ = {
			isa = XCConfigurationList;
			buildConfigurations = (
				AEE108A91DF0072100DBF138 /* Debug */,
				AEE108AA1DF0072100DBF138 /* Release */,
			);
			defaultConfigurationIsVisible = 0;
			defaultConfigurationName = Release;
		};
		AEE108AB1DF0072100DBF138 /* Build configuration list for PBXNativeTarget "第九组UITests" */ = {
			isa = XCConfigurationList;
			buildConfigurations = (
				AEE108AC1DF0072100DBF138 /* Debug */,
				AEE108AD1DF0072100DBF138 /* Release */,
			);
			defaultConfigurationIsVisible = 0;
			defaultConfigurationName = Release;
		};
/* End XCConfigurationList section */
	};
	rootObject = AEE108701DF0072000DBF138 /* Project object */;
}
